
Microsoft Visual Studio Solution File, Format Version 12.00
# Visual Studio 15
VisualStudioVersion = 15.0.26730.12
MinimumVisualStudioVersion = 10.0.40219.1
Project("{8BC9CEB8-8B4A-11D0-8D11-00A0C91BC942}") = "Partially Full Arrays (Cristian Guarino)", "Partially Full Arrays (Cristian Guarino)\Partially Full Arrays (Cristian Guarino).vcxproj", "{7EB2DC1A-E884-493D-8559-F4FD3A165B94}"
EndProject
Global
	GlobalSection(SolutionConfigurationPlatforms) = preSolution
		Debug|x64 = Debug|x64
		Debug|x86 = Debug|x86
		Release|x64 = Release|x64
		Release|x86 = Release|x86
	EndGlobalSection
	GlobalSection(ProjectConfigurationPlatforms) = postSolution
		{7EB2DC1A-E884-493D-8559-F4FD3A165B94}.Debug|x64.ActiveCfg = Debug|x64
		{7EB2DC1A-E884-493D-8559-F4FD3A165B94}.Debug|x64.Build.0 = Debug|x64
		{7EB2DC1A-E884-493D-8559-F4FD3A165B94}.Debug|x86.ActiveCfg = Debug|Win32
		{7EB2DC1A-E884-493D-8559-F4FD3A165B94}.Debug|x86.Build.0 = Debug|Win32
		{7EB2DC1A-E884-493D-8559-F4FD3A165B94}.Release|x64.ActiveCfg = Release|x64
		{7EB2DC1A-E884-493D-8559-F4FD3A165B94}.Release|x64.Build.0 = Release|x64
		{7EB2DC1A-E884-493D-8559-F4FD3A165B94}.Release|x86.ActiveCfg = Release|Win32
		{7EB2DC1A-E884-493D-8559-F4FD3A165B94}.Release|x86.Build.0 = Release|Win32
	EndGlobalSection
	GlobalSection(SolutionProperties) = preSolution
		HideSolutionNode = FALSE
	EndGlobalSection
	GlobalSection(ExtensibilityGlobals) = postSolution
		SolutionGuid = {9EE64376-D572-4BBB-8295-D323DECA76D5}
	EndGlobalSection
EndGlobal
