
Microsoft Visual Studio Solution File, Format Version 12.00
# Visual Studio 15
VisualStudioVersion = 15.0.26730.12
MinimumVisualStudioVersion = 10.0.40219.1
Project("{8BC9CEB8-8B4A-11D0-8D11-00A0C91BC942}") = "File Input Validation (Cristian Guarino)", "File Input Validation (Cristian Guarino)\File Input Validation (Cristian Guarino).vcxproj", "{A5E7B348-9FA2-4B0A-B0B2-C99589C6D8EB}"
EndProject
Global
	GlobalSection(SolutionConfigurationPlatforms) = preSolution
		Debug|x64 = Debug|x64
		Debug|x86 = Debug|x86
		Release|x64 = Release|x64
		Release|x86 = Release|x86
	EndGlobalSection
	GlobalSection(ProjectConfigurationPlatforms) = postSolution
		{A5E7B348-9FA2-4B0A-B0B2-C99589C6D8EB}.Debug|x64.ActiveCfg = Debug|x64
		{A5E7B348-9FA2-4B0A-B0B2-C99589C6D8EB}.Debug|x64.Build.0 = Debug|x64
		{A5E7B348-9FA2-4B0A-B0B2-C99589C6D8EB}.Debug|x86.ActiveCfg = Debug|Win32
		{A5E7B348-9FA2-4B0A-B0B2-C99589C6D8EB}.Debug|x86.Build.0 = Debug|Win32
		{A5E7B348-9FA2-4B0A-B0B2-C99589C6D8EB}.Release|x64.ActiveCfg = Release|x64
		{A5E7B348-9FA2-4B0A-B0B2-C99589C6D8EB}.Release|x64.Build.0 = Release|x64
		{A5E7B348-9FA2-4B0A-B0B2-C99589C6D8EB}.Release|x86.ActiveCfg = Release|Win32
		{A5E7B348-9FA2-4B0A-B0B2-C99589C6D8EB}.Release|x86.Build.0 = Release|Win32
	EndGlobalSection
	GlobalSection(SolutionProperties) = preSolution
		HideSolutionNode = FALSE
	EndGlobalSection
	GlobalSection(ExtensibilityGlobals) = postSolution
		SolutionGuid = {CBC40CFD-ED6C-4248-9B22-01F03E95144C}
	EndGlobalSection
EndGlobal
