
Microsoft Visual Studio Solution File, Format Version 12.00
# Visual Studio 15
VisualStudioVersion = 15.0.26730.12
MinimumVisualStudioVersion = 10.0.40219.1
Project("{8BC9CEB8-8B4A-11D0-8D11-00A0C91BC942}") = "Fully Loaded Arrays (Cristian Guarino)", "Fully Loaded Arrays (Cristian Guarino)\Fully Loaded Arrays (Cristian Guarino).vcxproj", "{BE076133-D1DA-4CC5-9B27-D26190A3E94C}"
EndProject
Global
	GlobalSection(SolutionConfigurationPlatforms) = preSolution
		Debug|x64 = Debug|x64
		Debug|x86 = Debug|x86
		Release|x64 = Release|x64
		Release|x86 = Release|x86
	EndGlobalSection
	GlobalSection(ProjectConfigurationPlatforms) = postSolution
		{BE076133-D1DA-4CC5-9B27-D26190A3E94C}.Debug|x64.ActiveCfg = Debug|x64
		{BE076133-D1DA-4CC5-9B27-D26190A3E94C}.Debug|x64.Build.0 = Debug|x64
		{BE076133-D1DA-4CC5-9B27-D26190A3E94C}.Debug|x86.ActiveCfg = Debug|Win32
		{BE076133-D1DA-4CC5-9B27-D26190A3E94C}.Debug|x86.Build.0 = Debug|Win32
		{BE076133-D1DA-4CC5-9B27-D26190A3E94C}.Release|x64.ActiveCfg = Release|x64
		{BE076133-D1DA-4CC5-9B27-D26190A3E94C}.Release|x64.Build.0 = Release|x64
		{BE076133-D1DA-4CC5-9B27-D26190A3E94C}.Release|x86.ActiveCfg = Release|Win32
		{BE076133-D1DA-4CC5-9B27-D26190A3E94C}.Release|x86.Build.0 = Release|Win32
	EndGlobalSection
	GlobalSection(SolutionProperties) = preSolution
		HideSolutionNode = FALSE
	EndGlobalSection
	GlobalSection(ExtensibilityGlobals) = postSolution
		SolutionGuid = {B99D42CE-E097-41CE-BDE2-304CF05B9126}
	EndGlobalSection
EndGlobal
